// !$*UTF8*$!
{
	archiveVersion = 1;
	classes = {
	};
	objectVersion = 46;
	objects = {

/* Begin PBXBuildFile section */
		9C280BB51469D26E009A71D4 /* UIKit.framework in Frameworks */ = {isa = PBXBuildFile; fileRef = 9C280BB41469D26E009A71D4 /* UIKit.framework */; };
		9C280BB71469D26E009A71D4 /* Foundation.framework in Frameworks */ = {isa = PBXBuildFile; fileRef = 9C280BB61469D26E009A71D4 /* Foundation.framework */; };
		9C280BB91469D26E009A71D4 /* CoreGraphics.framework in Frameworks */ = {isa = PBXBuildFile; fileRef = 9C280BB81469D26E009A71D4 /* CoreGraphics.framework */; };
		9C280BBF1469D26E009A71D4 /* InfoPlist.strings in Resources */ = {isa = PBXBuildFile; fileRef = 9C280BBD1469D26E009A71D4 /* InfoPlist.strings */; };
		9C280BC11469D26E009A71D4 /* main.m in Sources */ = {isa = PBXBuildFile; fileRef = 9C280BC01469D26E009A71D4 /* main.m */; };
		9C280BC51469D26E009A71D4 /* AppDelegate.m in Sources */ = {isa = PBXBuildFile; fileRef = 9C280BC41469D26E009A71D4 /* AppDelegate.m */; };
		9C280BC81469D26E009A71D4 /* RootViewController.m in Sources */ = {isa = PBXBuildFile; fileRef = 9C280BC71469D26E009A71D4 /* RootViewController.m */; };
		9C280BCB1469D26E009A71D4 /* DataViewController.m in Sources */ = {isa = PBXBuildFile; fileRef = 9C280BCA1469D26E009A71D4 /* DataViewController.m */; };
		9C280BCE1469D26E009A71D4 /* ModelController.m in Sources */ = {isa = PBXBuildFile; fileRef = 9C280BCD1469D26E009A71D4 /* ModelController.m */; };
		9C280BD11469D26E009A71D4 /* MainStoryboard_iPhone.storyboard in Resources */ = {isa = PBXBuildFile; fileRef = 9C280BCF1469D26E009A71D4 /* MainStoryboard_iPhone.storyboard */; };
		9C280BD41469D26E009A71D4 /* MainStoryboard_iPad.storyboard in Resources */ = {isa = PBXBuildFile; fileRef = 9C280BD21469D26E009A71D4 /* MainStoryboard_iPad.storyboard */; };
		9C280BE31469DA5B009A71D4 /* Test.xib in Resources */ = {isa = PBXBuildFile; fileRef = 9C280BE21469DA5B009A71D4 /* Test.xib */; };
		9C280BE51469DA79009A71D4 /* CoreData.framework in Frameworks */ = {isa = PBXBuildFile; fileRef = 9C280BE41469DA79009A71D4 /* CoreData.framework */; };
/* End PBXBuildFile section */

/* Begin PBXFileReference section */
		9C280BB01469D26E009A71D4 /* IphoneTest.app */ = {isa = PBXFileReference; explicitFileType = wrapper.application; includeInIndex = 0; path = IphoneTest.app; sourceTree = BUILT_PRODUCTS_DIR; };
		9C280BB41469D26E009A71D4 /* UIKit.framework */ = {isa = PBXFileReference; lastKnownFileType = wrapper.framework; name = UIKit.framework; path = System/Library/Frameworks/UIKit.framework; sourceTree = SDKROOT; };
		9C280BB61469D26E009A71D4 /* Foundation.framework */ = {isa = PBXFileReference; lastKnownFileType = wrapper.framework; name = Foundation.framework; path = System/Library/Frameworks/Foundation.framework; sourceTree = SDKROOT; };
		9C280BB81469D26E009A71D4 /* CoreGraphics.framework */ = {isa = PBXFileReference; lastKnownFileType = wrapper.framework; name = CoreGraphics.framework; path = System/Library/Frameworks/CoreGraphics.framework; sourceTree = SDKROOT; };
		9C280BBC1469D26E009A71D4 /* IphoneTest-Info.plist */ = {isa = PBXFileReference; lastKnownFileType = text.plist.xml; path = "IphoneTest-Info.plist"; sourceTree = "<group>"; };
		9C280BBE1469D26E009A71D4 /* en */ = {isa = PBXFileReference; lastKnownFileType = text.plist.strings; name = en; path = en.lproj/InfoPlist.strings; sourceTree = "<group>"; };
		9C280BC01469D26E009A71D4 /* main.m */ = {isa = PBXFileReference; lastKnownFileType = sourcecode.c.objc; path = main.m; sourceTree = "<group>"; };
		9C280BC21469D26E009A71D4 /* IphoneTest-Prefix.pch */ = {isa = PBXFileReference; lastKnownFileType = sourcecode.c.h; path = "IphoneTest-Prefix.pch"; sourceTree = "<group>"; };
		9C280BC31469D26E009A71D4 /* AppDelegate.h */ = {isa = PBXFileReference; lastKnownFileType = sourcecode.c.h; path = AppDelegate.h; sourceTree = "<group>"; };
		9C280BC41469D26E009A71D4 /* AppDelegate.m */ = {isa = PBXFileReference; lastKnownFileType = sourcecode.c.objc; path = AppDelegate.m; sourceTree = "<group>"; };
		9C280BC61469D26E009A71D4 /* RootViewController.h */ = {isa = PBXFileReference; lastKnownFileType = sourcecode.c.h; path = RootViewController.h; sourceTree = "<group>"; };
		9C280BC71469D26E009A71D4 /* RootViewController.m */ = {isa = PBXFileReference; lastKnownFileType = sourcecode.c.objc; path = RootViewController.m; sourceTree = "<group>"; };
		9C280BC91469D26E009A71D4 /* DataViewController.h */ = {isa = PBXFileReference; lastKnownFileType = sourcecode.c.h; path = DataViewController.h; sourceTree = "<group>"; };
		9C280BCA1469D26E009A71D4 /* DataViewController.m */ = {isa = PBXFileReference; lastKnownFileType = sourcecode.c.objc; path = DataViewController.m; sourceTree = "<group>"; };
		9C280BCC1469D26E009A71D4 /* ModelController.h */ = {isa = PBXFileReference; lastKnownFileType = sourcecode.c.h; path = ModelController.h; sourceTree = "<group>"; };
		9C280BCD1469D26E009A71D4 /* ModelController.m */ = {isa = PBXFileReference; lastKnownFileType = sourcecode.c.objc; path = ModelController.m; sourceTree = "<group>"; };
		9C280BD01469D26E009A71D4 /* en */ = {isa = PBXFileReference; lastKnownFileType = file.storyboard; name = en; path = en.lproj/MainStoryboard_iPhone.storyboard; sourceTree = "<group>"; };
		9C280BD31469D26E009A71D4 /* en */ = {isa = PBXFileReference; lastKnownFileType = file.storyboard; name = en; path = en.lproj/MainStoryboard_iPad.storyboard; sourceTree = "<group>"; };
		9C280BE21469DA5B009A71D4 /* Test.xib */ = {isa = PBXFileReference; fileEncoding = 4; lastKnownFileType = file.xib; path = Test.xib; sourceTree = "<group>"; };
		9C280BE41469DA79009A71D4 /* CoreData.framework */ = {isa = PBXFileReference; lastKnownFileType = wrapper.framework; name = CoreData.framework; path = System/Library/Frameworks/CoreData.framework; sourceTree = SDKROOT; };
/* End PBXFileReference section */

/* Begin PBXFrameworksBuildPhase section */
		9C280BAD1469D26E009A71D4 /* Frameworks */ = {
			isa = PBXFrameworksBuildPhase;
			buildActionMask = 2147483647;
			files = (
				9C280BE51469DA79009A71D4 /* CoreData.framework in Frameworks */,
				9C280BB51469D26E009A71D4 /* UIKit.framework in Frameworks */,
				9C280BB71469D26E009A71D4 /* Foundation.framework in Frameworks */,
				9C280BB91469D26E009A71D4 /* CoreGraphics.framework in Frameworks */,
			);
			runOnlyForDeploymentPostprocessing = 0;
		};
/* End PBXFrameworksBuildPhase section */

/* Begin PBXGroup section */
		9C280BA51469D26D009A71D4 = {
			isa = PBXGroup;
			children = (
				9C280BE41469DA79009A71D4 /* CoreData.framework */,
				9C280BBA1469D26E009A71D4 /* IphoneTest */,
				9C280BB31469D26E009A71D4 /* Frameworks */,
				9C280BB11469D26E009A71D4 /* Products */,
			);
			sourceTree = "<group>";
		};
		9C280BB11469D26E009A71D4 /* Products */ = {
			isa = PBXGroup;
			children = (
				9C280BB01469D26E009A71D4 /* IphoneTest.app */,
			);
			name = Products;
			sourceTree = "<group>";
		};
		9C280BB31469D26E009A71D4 /* Frameworks */ = {
			isa = PBXGroup;
			children = (
				9C280BB41469D26E009A71D4 /* UIKit.framework */,
				9C280BB61469D26E009A71D4 /* Foundation.framework */,
				9C280BB81469D26E009A71D4 /* CoreGraphics.framework */,
			);
			name = Frameworks;
			sourceTree = "<group>";
		};
		9C280BBA1469D26E009A71D4 /* IphoneTest */ = {
			isa = PBXGroup;
			children = (
				9C280BE01469DA22009A71D4 /* TestFile */,
				9C280BDB1469D786009A71D4 /* Iphone */,
				9C280BDA1469D746009A71D4 /* Ipad */,
				9C280BC61469D26E009A71D4 /* RootViewController.h */,
				9C280BC71469D26E009A71D4 /* RootViewController.m */,
				9C280BC91469D26E009A71D4 /* DataViewController.h */,
				9C280BCA1469D26E009A71D4 /* DataViewController.m */,
				9C280BCC1469D26E009A71D4 /* ModelController.h */,
				9C280BCD1469D26E009A71D4 /* ModelController.m */,
				9C280BCF1469D26E009A71D4 /* MainStoryboard_iPhone.storyboard */,
				9C280BD21469D26E009A71D4 /* MainStoryboard_iPad.storyboard */,
				9C280BBB1469D26E009A71D4 /* Supporting Files */,
			);
			path = IphoneTest;
			sourceTree = "<group>";
		};
		9C280BBB1469D26E009A71D4 /* Supporting Files */ = {
			isa = PBXGroup;
			children = (
				9C280BBC1469D26E009A71D4 /* IphoneTest-Info.plist */,
				9C280BBD1469D26E009A71D4 /* InfoPlist.strings */,
				9C280BC01469D26E009A71D4 /* main.m */,
				9C280BC21469D26E009A71D4 /* IphoneTest-Prefix.pch */,
			);
			name = "Supporting Files";
			sourceTree = "<group>";
		};
		9C280BDA1469D746009A71D4 /* Ipad */ = {
			isa = PBXGroup;
			children = (
			);
			name = Ipad;
			sourceTree = "<group>";
		};
		9C280BDB1469D786009A71D4 /* Iphone */ = {
			isa = PBXGroup;
			children = (
				9C280BC31469D26E009A71D4 /* AppDelegate.h */,
				9C280BC41469D26E009A71D4 /* AppDelegate.m */,
			);
			name = Iphone;
			sourceTree = "<group>";
		};
		9C280BE01469DA22009A71D4 /* TestFile */ = {
			isa = PBXGroup;
			children = (
				9C280BE21469DA5B009A71D4 /* Test.xib */,
			);
			name = TestFile;
			sourceTree = "<group>";
		};
/* End PBXGroup section */

/* Begin PBXNativeTarget section */
		9C280BAF1469D26E009A71D4 /* IphoneTest */ = {
			isa = PBXNativeTarget;
			buildConfigurationList = 9C280BD71469D26E009A71D4 /* Build configuration list for PBXNativeTarget "IphoneTest" */;
			buildPhases = (
				9C280BAC1469D26E009A71D4 /* Sources */,
				9C280BAD1469D26E009A71D4 /* Frameworks */,
				9C280BAE1469D26E009A71D4 /* Resources */,
			);
			buildRules = (
			);
			dependencies = (
			);
			name = IphoneTest;
			productName = IphoneTest;
			productReference = 9C280BB01469D26E009A71D4 /* IphoneTest.app */;
			productType = "com.apple.product-type.application";
		};
/* End PBXNativeTarget section */

/* Begin PBXProject section */
		9C280BA71469D26D009A71D4 /* Project object */ = {
			isa = PBXProject;
			attributes = {
				LastUpgradeCheck = 0420;
			};
			buildConfigurationList = 9C280BAA1469D26D009A71D4 /* Build configuration list for PBXProject "IphoneTest" */;
			compatibilityVersion = "Xcode 3.2";
			developmentRegion = English;
			hasScannedForEncodings = 0;
			knownRegions = (
				en,
			);
			mainGroup = 9C280BA51469D26D009A71D4;
			productRefGroup = 9C280BB11469D26E009A71D4 /* Products */;
			projectDirPath = "";
			projectRoot = "";
			targets = (
				9C280BAF1469D26E009A71D4 /* IphoneTest */,
			);
		};
/* End PBXProject section */

/* Begin PBXResourcesBuildPhase section */
		9C280BAE1469D26E009A71D4 /* Resources */ = {
			isa = PBXResourcesBuildPhase;
			buildActionMask = 2147483647;
			files = (
				9C280BBF1469D26E009A71D4 /* InfoPlist.strings in Resources */,
				9C280BD11469D26E009A71D4 /* MainStoryboard_iPhone.storyboard in Resources */,
				9C280BD41469D26E009A71D4 /* MainStoryboard_iPad.storyboard in Resources */,
				9C280BE31469DA5B009A71D4 /* Test.xib in Resources */,
			);
			runOnlyForDeploymentPostprocessing = 0;
		};
/* End PBXResourcesBuildPhase section */

/* Begin PBXSourcesBuildPhase section */
		9C280BAC1469D26E009A71D4 /* Sources */ = {
			isa = PBXSourcesBuildPhase;
			buildActionMask = 2147483647;
			files = (
				9C280BC11469D26E009A71D4 /* main.m in Sources */,
				9C280BC51469D26E009A71D4 /* AppDelegate.m in Sources */,
				9C280BC81469D26E009A71D4 /* RootViewController.m in Sources */,
				9C280BCB1469D26E009A71D4 /* DataViewController.m in Sources */,
				9C280BCE1469D26E009A71D4 /* ModelController.m in Sources */,
			);
			runOnlyForDeploymentPostprocessing = 0;
		};
/* End PBXSourcesBuildPhase section */

/* Begin PBXVariantGroup section */
		9C280BBD1469D26E009A71D4 /* InfoPlist.strings */ = {
			isa = PBXVariantGroup;
			children = (
				9C280BBE1469D26E009A71D4 /* en */,
			);
			name = InfoPlist.strings;
			sourceTree = "<group>";
		};
		9C280BCF1469D26E009A71D4 /* MainStoryboard_iPhone.storyboard */ = {
			isa = PBXVariantGroup;
			children = (
				9C280BD01469D26E009A71D4 /* en */,
			);
			name = MainStoryboard_iPhone.storyboard;
			sourceTree = "<group>";
		};
		9C280BD21469D26E009A71D4 /* MainStoryboard_iPad.storyboard */ = {
			isa = PBXVariantGroup;
			children = (
				9C280BD31469D26E009A71D4 /* en */,
			);
			name = MainStoryboard_iPad.storyboard;
			sourceTree = "<group>";
		};
/* End PBXVariantGroup section */

/* Begin XCBuildConfiguration section */
		9C280BD51469D26E009A71D4 /* Debug */ = {
			isa = XCBuildConfiguration;
			buildSettings = {
				ALWAYS_SEARCH_USER_PATHS = NO;
				ARCHS = "$(ARCHS_STANDARD_32_BIT)";
				"CODE_SIGN_IDENTITY[sdk=iphoneos*]" = "iPhone Developer";
				COPY_PHASE_STRIP = NO;
				GCC_C_LANGUAGE_STANDARD = gnu99;
				GCC_DYNAMIC_NO_PIC = NO;
				GCC_OPTIMIZATION_LEVEL = 0;
				GCC_PREPROCESSOR_DEFINITIONS = (
					"DEBUG=1",
					"$(inherited)",
				);
				GCC_SYMBOLS_PRIVATE_EXTERN = NO;
				GCC_VERSION = com.apple.compilers.llvm.clang.1_0;
				GCC_WARN_ABOUT_MISSING_PROTOTYPES = YES;
				GCC_WARN_ABOUT_RETURN_TYPE = YES;
				GCC_WARN_UNUSED_VARIABLE = YES;
				IPHONEOS_DEPLOYMENT_TARGET = 5.0;
				SDKROOT = iphoneos;
				TARGETED_DEVICE_FAMILY = "1,2";
			};
			name = Debug;
		};
		9C280BD61469D26E009A71D4 /* Release */ = {
			isa = XCBuildConfiguration;
			buildSettings = {
				ALWAYS_SEARCH_USER_PATHS = NO;
				ARCHS = "$(ARCHS_STANDARD_32_BIT)";
				"CODE_SIGN_IDENTITY[sdk=iphoneos*]" = "iPhone Developer";
				COPY_PHASE_STRIP = YES;
				GCC_C_LANGUAGE_STANDARD = gnu99;
				GCC_VERSION = com.apple.compilers.llvm.clang.1_0;
				GCC_WARN_ABOUT_MISSING_PROTOTYPES = YES;
				GCC_WARN_ABOUT_RETURN_TYPE = YES;
				GCC_WARN_UNUSED_VARIABLE = YES;
				IPHONEOS_DEPLOYMENT_TARGET = 5.0;
				OTHER_CFLAGS = "-DNS_BLOCK_ASSERTIONS=1";
				SDKROOT = iphoneos;
				TARGETED_DEVICE_FAMILY = "1,2";
				VALIDATE_PRODUCT = YES;
			};
			name = Release;
		};
		9C280BD81469D26E009A71D4 /* Debug */ = {
			isa = XCBuildConfiguration;
			buildSettings = {
				GCC_PRECOMPILE_PREFIX_HEADER = YES;
				GCC_PREFIX_HEADER = "IphoneTest/IphoneTest-Prefix.pch";
				INFOPLIST_FILE = "IphoneTest/IphoneTest-Info.plist";
				PRODUCT_NAME = "$(TARGET_NAME)";
				WRAPPER_EXTENSION = app;
			};
			name = Debug;
		};
		9C280BD91469D26E009A71D4 /* Release */ = {
			isa = XCBuildConfiguration;
			buildSettings = {
				GCC_PRECOMPILE_PREFIX_HEADER = YES;
				GCC_PREFIX_HEADER = "IphoneTest/IphoneTest-Prefix.pch";
				INFOPLIST_FILE = "IphoneTest/IphoneTest-Info.plist";
				PRODUCT_NAME = "$(TARGET_NAME)";
				WRAPPER_EXTENSION = app;
			};
			name = Release;
		};
/* End XCBuildConfiguration section */

/* Begin XCConfigurationList section */
		9C280BAA1469D26D009A71D4 /* Build configuration list for PBXProject "IphoneTest" */ = {
			isa = XCConfigurationList;
			buildConfigurations = (
				9C280BD51469D26E009A71D4 /* Debug */,
				9C280BD61469D26E009A71D4 /* Release */,
			);
			defaultConfigurationIsVisible = 0;
			defaultConfigurationName = Release;
		};
		9C280BD71469D26E009A71D4 /* Build configuration list for PBXNativeTarget "IphoneTest" */ = {
			isa = XCConfigurationList;
			buildConfigurations = (
				9C280BD81469D26E009A71D4 /* Debug */,
				9C280BD91469D26E009A71D4 /* Release */,
			);
			defaultConfigurationIsVisible = 0;
			defaultConfigurationName = Release;
		};
/* End XCConfigurationList section */
	};
	rootObject = 9C280BA71469D26D009A71D4 /* Project object */;
}
