// !$*UTF8*$!
{
	archiveVersion = 1;
	classes = {
	};
	objectVersion = 46;
	objects = {

/* Begin PBXBuildFile section */
		3F1E07501469DA3B000B3444 /* OscarView.m in Sources */ = {isa = PBXBuildFile; fileRef = 3F1E074F1469DA3B000B3444 /* OscarView.m */; };
		3F1E07521469DA57000B3444 /* AVFoundation.framework in Frameworks */ = {isa = PBXBuildFile; fileRef = 3F1E07511469DA57000B3444 /* AVFoundation.framework */; };
		3FC49F9F1546F909004C1A33 /* OTest.m in Sources */ = {isa = PBXBuildFile; fileRef = 3FC49F9E1546F909004C1A33 /* OTest.m */; };
		3FC49FA11546F92D004C1A33 /* gurulogo-512_512.png in Resources */ = {isa = PBXBuildFile; fileRef = 3FC49FA01546F92D004C1A33 /* gurulogo-512_512.png */; };
		91A093941546F3650023575A /* IMG_0609.JPG in Resources */ = {isa = PBXBuildFile; fileRef = 91A093921546F3650023575A /* IMG_0609.JPG */; };
		91A093951546F3650023575A /* IMG_0608.PNG in Resources */ = {isa = PBXBuildFile; fileRef = 91A093931546F3650023575A /* IMG_0608.PNG */; };
		91A093991546F37F0023575A /* LTViewController.m in Sources */ = {isa = PBXBuildFile; fileRef = 91A093981546F37F0023575A /* LTViewController.m */; };
		91A093A01546F57B0023575A /* IpadViewController.m in Sources */ = {isa = PBXBuildFile; fileRef = 91A0939F1546F57B0023575A /* IpadViewController.m */; };
		91A093AB1546F6AA0023575A /* CtrlViewController.m in Sources */ = {isa = PBXBuildFile; fileRef = 91A093AA1546F6AA0023575A /* CtrlViewController.m */; };
		91A093B11546F9990023575A /* 1836348_700b.jpg in Resources */ = {isa = PBXBuildFile; fileRef = 91A093B01546F9990023575A /* 1836348_700b.jpg */; };
		91A093B41546F9BD0023575A /* View.xib in Resources */ = {isa = PBXBuildFile; fileRef = 91A093B31546F9BD0023575A /* View.xib */; };
		9C280BB51469D26E009A71D4 /* UIKit.framework in Frameworks */ = {isa = PBXBuildFile; fileRef = 9C280BB41469D26E009A71D4 /* UIKit.framework */; };
		9C280BB71469D26E009A71D4 /* Foundation.framework in Frameworks */ = {isa = PBXBuildFile; fileRef = 9C280BB61469D26E009A71D4 /* Foundation.framework */; };
		9C280BB91469D26E009A71D4 /* CoreGraphics.framework in Frameworks */ = {isa = PBXBuildFile; fileRef = 9C280BB81469D26E009A71D4 /* CoreGraphics.framework */; };
		9C280BBF1469D26E009A71D4 /* InfoPlist.strings in Resources */ = {isa = PBXBuildFile; fileRef = 9C280BBD1469D26E009A71D4 /* InfoPlist.strings */; };
		9C280BC11469D26E009A71D4 /* main.m in Sources */ = {isa = PBXBuildFile; fileRef = 9C280BC01469D26E009A71D4 /* main.m */; };
		9C280BC51469D26E009A71D4 /* AppDelegate.m in Sources */ = {isa = PBXBuildFile; fileRef = 9C280BC41469D26E009A71D4 /* AppDelegate.m */; };
		9C280BC81469D26E009A71D4 /* RootViewController.m in Sources */ = {isa = PBXBuildFile; fileRef = 9C280BC71469D26E009A71D4 /* RootViewController.m */; };
		9C280BCB1469D26E009A71D4 /* DataViewController.m in Sources */ = {isa = PBXBuildFile; fileRef = 9C280BCA1469D26E009A71D4 /* DataViewController.m */; };
		9C280BCE1469D26E009A71D4 /* ModelController.m in Sources */ = {isa = PBXBuildFile; fileRef = 9C280BCD1469D26E009A71D4 /* ModelController.m */; };
		9C280BD11469D26E009A71D4 /* MainStoryboard_iPhone.storyboard in Resources */ = {isa = PBXBuildFile; fileRef = 9C280BCF1469D26E009A71D4 /* MainStoryboard_iPhone.storyboard */; };
		9C280BD41469D26E009A71D4 /* MainStoryboard_iPad.storyboard in Resources */ = {isa = PBXBuildFile; fileRef = 9C280BD21469D26E009A71D4 /* MainStoryboard_iPad.storyboard */; };
		9C280BF11469DDFD009A71D4 /* CoreData.framework in Frameworks */ = {isa = PBXBuildFile; fileRef = 9C280BF01469DDFD009A71D4 /* CoreData.framework */; };
		9CF5DD751546F483001B29B1 /* HolaController.m in Sources */ = {isa = PBXBuildFile; fileRef = 9CF5DD731546F483001B29B1 /* HolaController.m */; };
		9CF5DD761546F483001B29B1 /* HolaController.xib in Resources */ = {isa = PBXBuildFile; fileRef = 9CF5DD741546F483001B29B1 /* HolaController.xib */; };
		9CF5DD811546F5EB001B29B1 /* TestController.m in Sources */ = {isa = PBXBuildFile; fileRef = 9CF5DD7F1546F5EB001B29B1 /* TestController.m */; };
		9CF5DD821546F5EB001B29B1 /* TestController.xib in Resources */ = {isa = PBXBuildFile; fileRef = 9CF5DD801546F5EB001B29B1 /* TestController.xib */; };
/* End PBXBuildFile section */

/* Begin PBXFileReference section */
		3F1E074E1469DA3B000B3444 /* OscarView.h */ = {isa = PBXFileReference; fileEncoding = 4; lastKnownFileType = sourcecode.c.h; path = OscarView.h; sourceTree = "<group>"; };
		3F1E074F1469DA3B000B3444 /* OscarView.m */ = {isa = PBXFileReference; fileEncoding = 4; lastKnownFileType = sourcecode.c.objc; path = OscarView.m; sourceTree = "<group>"; };
		3F1E07511469DA57000B3444 /* AVFoundation.framework */ = {isa = PBXFileReference; lastKnownFileType = wrapper.framework; name = AVFoundation.framework; path = System/Library/Frameworks/AVFoundation.framework; sourceTree = SDKROOT; };
		3FC49F9D1546F909004C1A33 /* OTest.h */ = {isa = PBXFileReference; fileEncoding = 4; lastKnownFileType = sourcecode.c.h; path = OTest.h; sourceTree = "<group>"; };
		3FC49F9E1546F909004C1A33 /* OTest.m */ = {isa = PBXFileReference; fileEncoding = 4; lastKnownFileType = sourcecode.c.objc; path = OTest.m; sourceTree = "<group>"; };
		3FC49FA01546F92D004C1A33 /* gurulogo-512_512.png */ = {isa = PBXFileReference; lastKnownFileType = image.png; path = "gurulogo-512_512.png"; sourceTree = "<group>"; };
		91A093921546F3650023575A /* IMG_0609.JPG */ = {isa = PBXFileReference; lastKnownFileType = image.jpeg; path = IMG_0609.JPG; sourceTree = "<group>"; };
		91A093931546F3650023575A /* IMG_0608.PNG */ = {isa = PBXFileReference; lastKnownFileType = image.png; path = IMG_0608.PNG; sourceTree = "<group>"; };
		91A093971546F37F0023575A /* LTViewController.h */ = {isa = PBXFileReference; fileEncoding = 4; lastKnownFileType = sourcecode.c.h; path = LTViewController.h; sourceTree = "<group>"; };
		91A093981546F37F0023575A /* LTViewController.m */ = {isa = PBXFileReference; fileEncoding = 4; lastKnownFileType = sourcecode.c.objc; path = LTViewController.m; sourceTree = "<group>"; };
		91A0939E1546F57B0023575A /* IpadViewController.h */ = {isa = PBXFileReference; fileEncoding = 4; lastKnownFileType = sourcecode.c.h; path = IpadViewController.h; sourceTree = "<group>"; };
		91A0939F1546F57B0023575A /* IpadViewController.m */ = {isa = PBXFileReference; fileEncoding = 4; lastKnownFileType = sourcecode.c.objc; path = IpadViewController.m; sourceTree = "<group>"; };
		91A093A91546F6AA0023575A /* CtrlViewController.h */ = {isa = PBXFileReference; fileEncoding = 4; lastKnownFileType = sourcecode.c.h; name = CtrlViewController.h; path = ViewCtrl/CtrlViewController.h; sourceTree = "<group>"; };
		91A093AA1546F6AA0023575A /* CtrlViewController.m */ = {isa = PBXFileReference; fileEncoding = 4; lastKnownFileType = sourcecode.c.objc; name = CtrlViewController.m; path = ViewCtrl/CtrlViewController.m; sourceTree = "<group>"; };
		91A093B01546F9990023575A /* 1836348_700b.jpg */ = {isa = PBXFileReference; lastKnownFileType = image.jpeg; path = 1836348_700b.jpg; sourceTree = "<group>"; };
		91A093B31546F9BD0023575A /* View.xib */ = {isa = PBXFileReference; fileEncoding = 4; lastKnownFileType = file.xib; path = View.xib; sourceTree = "<group>"; };
		9C280BB01469D26E009A71D4 /* IphoneTest.app */ = {isa = PBXFileReference; explicitFileType = wrapper.application; includeInIndex = 0; path = IphoneTest.app; sourceTree = BUILT_PRODUCTS_DIR; };
		9C280BB41469D26E009A71D4 /* UIKit.framework */ = {isa = PBXFileReference; lastKnownFileType = wrapper.framework; name = UIKit.framework; path = System/Library/Frameworks/UIKit.framework; sourceTree = SDKROOT; };
		9C280BB61469D26E009A71D4 /* Foundation.framework */ = {isa = PBXFileReference; lastKnownFileType = wrapper.framework; name = Foundation.framework; path = System/Library/Frameworks/Foundation.framework; sourceTree = SDKROOT; };
		9C280BB81469D26E009A71D4 /* CoreGraphics.framework */ = {isa = PBXFileReference; lastKnownFileType = wrapper.framework; name = CoreGraphics.framework; path = System/Library/Frameworks/CoreGraphics.framework; sourceTree = SDKROOT; };
		9C280BBC1469D26E009A71D4 /* IphoneTest-Info.plist */ = {isa = PBXFileReference; lastKnownFileType = text.plist.xml; path = "IphoneTest-Info.plist"; sourceTree = "<group>"; };
		9C280BBE1469D26E009A71D4 /* en */ = {isa = PBXFileReference; lastKnownFileType = text.plist.strings; name = en; path = en.lproj/InfoPlist.strings; sourceTree = "<group>"; };
		9C280BC01469D26E009A71D4 /* main.m */ = {isa = PBXFileReference; lastKnownFileType = sourcecode.c.objc; path = main.m; sourceTree = "<group>"; };
		9C280BC21469D26E009A71D4 /* IphoneTest-Prefix.pch */ = {isa = PBXFileReference; lastKnownFileType = sourcecode.c.h; path = "IphoneTest-Prefix.pch"; sourceTree = "<group>"; };
		9C280BC31469D26E009A71D4 /* AppDelegate.h */ = {isa = PBXFileReference; lastKnownFileType = sourcecode.c.h; path = AppDelegate.h; sourceTree = "<group>"; };
		9C280BC41469D26E009A71D4 /* AppDelegate.m */ = {isa = PBXFileReference; lastKnownFileType = sourcecode.c.objc; path = AppDelegate.m; sourceTree = "<group>"; };
		9C280BC61469D26E009A71D4 /* RootViewController.h */ = {isa = PBXFileReference; lastKnownFileType = sourcecode.c.h; path = RootViewController.h; sourceTree = "<group>"; };
		9C280BC71469D26E009A71D4 /* RootViewController.m */ = {isa = PBXFileReference; lastKnownFileType = sourcecode.c.objc; path = RootViewController.m; sourceTree = "<group>"; };
		9C280BC91469D26E009A71D4 /* DataViewController.h */ = {isa = PBXFileReference; lastKnownFileType = sourcecode.c.h; path = DataViewController.h; sourceTree = "<group>"; };
		9C280BCA1469D26E009A71D4 /* DataViewController.m */ = {isa = PBXFileReference; lastKnownFileType = sourcecode.c.objc; path = DataViewController.m; sourceTree = "<group>"; };
		9C280BCC1469D26E009A71D4 /* ModelController.h */ = {isa = PBXFileReference; lastKnownFileType = sourcecode.c.h; path = ModelController.h; sourceTree = "<group>"; };
		9C280BCD1469D26E009A71D4 /* ModelController.m */ = {isa = PBXFileReference; lastKnownFileType = sourcecode.c.objc; path = ModelController.m; sourceTree = "<group>"; };
		9C280BD01469D26E009A71D4 /* en */ = {isa = PBXFileReference; lastKnownFileType = file.storyboard; name = en; path = en.lproj/MainStoryboard_iPhone.storyboard; sourceTree = "<group>"; };
		9C280BD31469D26E009A71D4 /* en */ = {isa = PBXFileReference; lastKnownFileType = file.storyboard; name = en; path = en.lproj/MainStoryboard_iPad.storyboard; sourceTree = "<group>"; };
		9C280BF01469DDFD009A71D4 /* CoreData.framework */ = {isa = PBXFileReference; lastKnownFileType = wrapper.framework; name = CoreData.framework; path = System/Library/Frameworks/CoreData.framework; sourceTree = SDKROOT; };
		9CF5DD721546F483001B29B1 /* HolaController.h */ = {isa = PBXFileReference; fileEncoding = 4; lastKnownFileType = sourcecode.c.h; path = HolaController.h; sourceTree = "<group>"; };
		9CF5DD731546F483001B29B1 /* HolaController.m */ = {isa = PBXFileReference; fileEncoding = 4; lastKnownFileType = sourcecode.c.objc; path = HolaController.m; sourceTree = "<group>"; };
		9CF5DD741546F483001B29B1 /* HolaController.xib */ = {isa = PBXFileReference; fileEncoding = 4; lastKnownFileType = file.xib; path = HolaController.xib; sourceTree = "<group>"; };
		9CF5DD7E1546F5EB001B29B1 /* TestController.h */ = {isa = PBXFileReference; fileEncoding = 4; lastKnownFileType = sourcecode.c.h; path = TestController.h; sourceTree = "<group>"; };
		9CF5DD7F1546F5EB001B29B1 /* TestController.m */ = {isa = PBXFileReference; fileEncoding = 4; lastKnownFileType = sourcecode.c.objc; path = TestController.m; sourceTree = "<group>"; };
		9CF5DD801546F5EB001B29B1 /* TestController.xib */ = {isa = PBXFileReference; fileEncoding = 4; lastKnownFileType = file.xib; path = TestController.xib; sourceTree = "<group>"; };
/* End PBXFileReference section */

/* Begin PBXFrameworksBuildPhase section */
		9C280BAD1469D26E009A71D4 /* Frameworks */ = {
			isa = PBXFrameworksBuildPhase;
			buildActionMask = 2147483647;
			files = (
				9C280BF11469DDFD009A71D4 /* CoreData.framework in Frameworks */,
				3F1E07521469DA57000B3444 /* AVFoundation.framework in Frameworks */,
				9C280BB51469D26E009A71D4 /* UIKit.framework in Frameworks */,
				9C280BB71469D26E009A71D4 /* Foundation.framework in Frameworks */,
				9C280BB91469D26E009A71D4 /* CoreGraphics.framework in Frameworks */,
			);
			runOnlyForDeploymentPostprocessing = 0;
		};
/* End PBXFrameworksBuildPhase section */

/* Begin PBXGroup section */
		3F1E074C1469DA1B000B3444 /* TestGroupODM */ = {
			isa = PBXGroup;
			children = (
				3F1E074E1469DA3B000B3444 /* OscarView.h */,
				3F1E074F1469DA3B000B3444 /* OscarView.m */,
			);
			name = TestGroupODM;
			sourceTree = "<group>";
		};
		3FC49F9B1546F8EB004C1A33 /* Oscart */ = {
			isa = PBXGroup;
			children = (
				3FC49F9D1546F909004C1A33 /* OTest.h */,
				3FC49F9E1546F909004C1A33 /* OTest.m */,
			);
			name = Oscart;
			sourceTree = "<group>";
		};
		3FD061E41469DE5A00C99356 /* Hola */ = {
			isa = PBXGroup;
			children = (
				9CF5DD721546F483001B29B1 /* HolaController.h */,
				9CF5DD731546F483001B29B1 /* HolaController.m */,
				9CF5DD741546F483001B29B1 /* HolaController.xib */,
				91A093B31546F9BD0023575A /* View.xib */,
			);
			name = Hola;
			sourceTree = "<group>";
		};
		91A093A61546F65D0023575A /* ViewCtrl */ = {
			isa = PBXGroup;
			children = (
				91A093A91546F6AA0023575A /* CtrlViewController.h */,
				91A093AA1546F6AA0023575A /* CtrlViewController.m */,
			);
			name = ViewCtrl;
			sourceTree = "<group>";
		};
		9C280BA51469D26D009A71D4 = {
			isa = PBXGroup;
			children = (
				9C280BBA1469D26E009A71D4 /* IphoneTest */,
				9C280BB31469D26E009A71D4 /* Frameworks */,
				9C280BB11469D26E009A71D4 /* Products */,
			);
			sourceTree = "<group>";
		};
		9C280BB11469D26E009A71D4 /* Products */ = {
			isa = PBXGroup;
			children = (
				9C280BB01469D26E009A71D4 /* IphoneTest.app */,
			);
			name = Products;
			sourceTree = "<group>";
		};
		9C280BB31469D26E009A71D4 /* Frameworks */ = {
			isa = PBXGroup;
			children = (
				9C280BF01469DDFD009A71D4 /* CoreData.framework */,
				3F1E07511469DA57000B3444 /* AVFoundation.framework */,
				9C280BB41469D26E009A71D4 /* UIKit.framework */,
				9C280BB61469D26E009A71D4 /* Foundation.framework */,
				9C280BB81469D26E009A71D4 /* CoreGraphics.framework */,
			);
			name = Frameworks;
			sourceTree = "<group>";
		};
		9C280BBA1469D26E009A71D4 /* IphoneTest */ = {
			isa = PBXGroup;
			children = (
				3FC49F9B1546F8EB004C1A33 /* Oscart */,
				91A093A61546F65D0023575A /* ViewCtrl */,
				9CF5DD7C1546F5D6001B29B1 /* Test */,
				3FD061E41469DE5A00C99356 /* Hola */,
				3F1E074C1469DA1B000B3444 /* TestGroupODM */,
				9C280BEE1469DDDC009A71D4 /* Images */,
				9C280BDB1469D786009A71D4 /* Iphone */,
				9C280BDA1469D746009A71D4 /* Ipad */,
				9C280BC61469D26E009A71D4 /* RootViewController.h */,
				9C280BC71469D26E009A71D4 /* RootViewController.m */,
				9C280BC91469D26E009A71D4 /* DataViewController.h */,
				9C280BCA1469D26E009A71D4 /* DataViewController.m */,
				9C280BCC1469D26E009A71D4 /* ModelController.h */,
				9C280BCD1469D26E009A71D4 /* ModelController.m */,
				9C280BCF1469D26E009A71D4 /* MainStoryboard_iPhone.storyboard */,
				9C280BD21469D26E009A71D4 /* MainStoryboard_iPad.storyboard */,
				9C280BBB1469D26E009A71D4 /* Supporting Files */,
			);
			path = IphoneTest;
			sourceTree = "<group>";
		};
		9C280BBB1469D26E009A71D4 /* Supporting Files */ = {
			isa = PBXGroup;
			children = (
				9C280BBC1469D26E009A71D4 /* IphoneTest-Info.plist */,
				9C280BBD1469D26E009A71D4 /* InfoPlist.strings */,
				9C280BC01469D26E009A71D4 /* main.m */,
				9C280BC21469D26E009A71D4 /* IphoneTest-Prefix.pch */,
			);
			name = "Supporting Files";
			sourceTree = "<group>";
		};
		9C280BDA1469D746009A71D4 /* Ipad */ = {
			isa = PBXGroup;
			children = (
				91A0939E1546F57B0023575A /* IpadViewController.h */,
				91A0939F1546F57B0023575A /* IpadViewController.m */,
			);
			name = Ipad;
			sourceTree = "<group>";
		};
		9C280BDB1469D786009A71D4 /* Iphone */ = {
			isa = PBXGroup;
			children = (
				9C280BC31469D26E009A71D4 /* AppDelegate.h */,
				9C280BC41469D26E009A71D4 /* AppDelegate.m */,
				91A093971546F37F0023575A /* LTViewController.h */,
				91A093981546F37F0023575A /* LTViewController.m */,
			);
			name = Iphone;
			sourceTree = "<group>";
		};
		9C280BEE1469DDDC009A71D4 /* Images */ = {
			isa = PBXGroup;
			children = (
				91A093B01546F9990023575A /* 1836348_700b.jpg */,
				3FC49FA01546F92D004C1A33 /* gurulogo-512_512.png */,
				91A093921546F3650023575A /* IMG_0609.JPG */,
				91A093931546F3650023575A /* IMG_0608.PNG */,
			);
			name = Images;
			sourceTree = "<group>";
		};
		9CF5DD7C1546F5D6001B29B1 /* Test */ = {
			isa = PBXGroup;
			children = (
				9CF5DD7E1546F5EB001B29B1 /* TestController.h */,
				9CF5DD7F1546F5EB001B29B1 /* TestController.m */,
				9CF5DD801546F5EB001B29B1 /* TestController.xib */,
			);
			name = Test;
			sourceTree = "<group>";
		};
/* End PBXGroup section */

/* Begin PBXNativeTarget section */
		9C280BAF1469D26E009A71D4 /* IphoneTest */ = {
			isa = PBXNativeTarget;
			buildConfigurationList = 9C280BD71469D26E009A71D4 /* Build configuration list for PBXNativeTarget "IphoneTest" */;
			buildPhases = (
				9C280BAC1469D26E009A71D4 /* Sources */,
				9C280BAD1469D26E009A71D4 /* Frameworks */,
				9C280BAE1469D26E009A71D4 /* Resources */,
			);
			buildRules = (
			);
			dependencies = (
			);
			name = IphoneTest;
			productName = IphoneTest;
			productReference = 9C280BB01469D26E009A71D4 /* IphoneTest.app */;
			productType = "com.apple.product-type.application";
		};
/* End PBXNativeTarget section */

/* Begin PBXProject section */
		9C280BA71469D26D009A71D4 /* Project object */ = {
			isa = PBXProject;
			attributes = {
				LastUpgradeCheck = 0420;
			};
			buildConfigurationList = 9C280BAA1469D26D009A71D4 /* Build configuration list for PBXProject "IphoneTest" */;
			compatibilityVersion = "Xcode 3.2";
			developmentRegion = English;
			hasScannedForEncodings = 0;
			knownRegions = (
				en,
			);
			mainGroup = 9C280BA51469D26D009A71D4;
			productRefGroup = 9C280BB11469D26E009A71D4 /* Products */;
			projectDirPath = "";
			projectRoot = "";
			targets = (
				9C280BAF1469D26E009A71D4 /* IphoneTest */,
			);
		};
/* End PBXProject section */

/* Begin PBXResourcesBuildPhase section */
		9C280BAE1469D26E009A71D4 /* Resources */ = {
			isa = PBXResourcesBuildPhase;
			buildActionMask = 2147483647;
			files = (
				9C280BBF1469D26E009A71D4 /* InfoPlist.strings in Resources */,
				9C280BD11469D26E009A71D4 /* MainStoryboard_iPhone.storyboard in Resources */,
				9C280BD41469D26E009A71D4 /* MainStoryboard_iPad.storyboard in Resources */,
				91A093941546F3650023575A /* IMG_0609.JPG in Resources */,
				91A093951546F3650023575A /* IMG_0608.PNG in Resources */,
				9CF5DD761546F483001B29B1 /* HolaController.xib in Resources */,
				9CF5DD821546F5EB001B29B1 /* TestController.xib in Resources */,
				3FC49FA11546F92D004C1A33 /* gurulogo-512_512.png in Resources */,
				91A093B11546F9990023575A /* 1836348_700b.jpg in Resources */,
				91A093B41546F9BD0023575A /* View.xib in Resources */,
			);
			runOnlyForDeploymentPostprocessing = 0;
		};
/* End PBXResourcesBuildPhase section */

/* Begin PBXSourcesBuildPhase section */
		9C280BAC1469D26E009A71D4 /* Sources */ = {
			isa = PBXSourcesBuildPhase;
			buildActionMask = 2147483647;
			files = (
				9C280BC11469D26E009A71D4 /* main.m in Sources */,
				9C280BC51469D26E009A71D4 /* AppDelegate.m in Sources */,
				9C280BC81469D26E009A71D4 /* RootViewController.m in Sources */,
				9C280BCB1469D26E009A71D4 /* DataViewController.m in Sources */,
				9C280BCE1469D26E009A71D4 /* ModelController.m in Sources */,
				3F1E07501469DA3B000B3444 /* OscarView.m in Sources */,
				91A093991546F37F0023575A /* LTViewController.m in Sources */,
				9CF5DD751546F483001B29B1 /* HolaController.m in Sources */,
				91A093A01546F57B0023575A /* IpadViewController.m in Sources */,
				9CF5DD811546F5EB001B29B1 /* TestController.m in Sources */,
				91A093AB1546F6AA0023575A /* CtrlViewController.m in Sources */,
				3FC49F9F1546F909004C1A33 /* OTest.m in Sources */,
			);
			runOnlyForDeploymentPostprocessing = 0;
		};
/* End PBXSourcesBuildPhase section */

/* Begin PBXVariantGroup section */
		9C280BBD1469D26E009A71D4 /* InfoPlist.strings */ = {
			isa = PBXVariantGroup;
			children = (
				9C280BBE1469D26E009A71D4 /* en */,
			);
			name = InfoPlist.strings;
			sourceTree = "<group>";
		};
		9C280BCF1469D26E009A71D4 /* MainStoryboard_iPhone.storyboard */ = {
			isa = PBXVariantGroup;
			children = (
				9C280BD01469D26E009A71D4 /* en */,
			);
			name = MainStoryboard_iPhone.storyboard;
			sourceTree = "<group>";
		};
		9C280BD21469D26E009A71D4 /* MainStoryboard_iPad.storyboard */ = {
			isa = PBXVariantGroup;
			children = (
				9C280BD31469D26E009A71D4 /* en */,
			);
			name = MainStoryboard_iPad.storyboard;
			sourceTree = "<group>";
		};
/* End PBXVariantGroup section */

/* Begin XCBuildConfiguration section */
		9C280BD51469D26E009A71D4 /* Debug */ = {
			isa = XCBuildConfiguration;
			buildSettings = {
				ALWAYS_SEARCH_USER_PATHS = NO;
				ARCHS = "$(ARCHS_STANDARD_32_BIT)";
				"CODE_SIGN_IDENTITY[sdk=iphoneos*]" = "iPhone Developer";
				COPY_PHASE_STRIP = NO;
				GCC_C_LANGUAGE_STANDARD = gnu99;
				GCC_DYNAMIC_NO_PIC = NO;
				GCC_OPTIMIZATION_LEVEL = 0;
				GCC_PREPROCESSOR_DEFINITIONS = (
					"DEBUG=1",
					"$(inherited)",
				);
				GCC_SYMBOLS_PRIVATE_EXTERN = NO;
				GCC_VERSION = com.apple.compilers.llvm.clang.1_0;
				GCC_WARN_ABOUT_MISSING_PROTOTYPES = YES;
				GCC_WARN_ABOUT_RETURN_TYPE = YES;
				GCC_WARN_UNUSED_VARIABLE = YES;
				IPHONEOS_DEPLOYMENT_TARGET = 5.0;
				SDKROOT = iphoneos;
				TARGETED_DEVICE_FAMILY = "1,2";
			};
			name = Debug;
		};
		9C280BD61469D26E009A71D4 /* Release */ = {
			isa = XCBuildConfiguration;
			buildSettings = {
				ALWAYS_SEARCH_USER_PATHS = NO;
				ARCHS = "$(ARCHS_STANDARD_32_BIT)";
				"CODE_SIGN_IDENTITY[sdk=iphoneos*]" = "iPhone Developer";
				COPY_PHASE_STRIP = YES;
				GCC_C_LANGUAGE_STANDARD = gnu99;
				GCC_VERSION = com.apple.compilers.llvm.clang.1_0;
				GCC_WARN_ABOUT_MISSING_PROTOTYPES = YES;
				GCC_WARN_ABOUT_RETURN_TYPE = YES;
				GCC_WARN_UNUSED_VARIABLE = YES;
				IPHONEOS_DEPLOYMENT_TARGET = 5.0;
				OTHER_CFLAGS = "-DNS_BLOCK_ASSERTIONS=1";
				SDKROOT = iphoneos;
				TARGETED_DEVICE_FAMILY = "1,2";
				VALIDATE_PRODUCT = YES;
			};
			name = Release;
		};
		9C280BD81469D26E009A71D4 /* Debug */ = {
			isa = XCBuildConfiguration;
			buildSettings = {
				GCC_PRECOMPILE_PREFIX_HEADER = YES;
				GCC_PREFIX_HEADER = "IphoneTest/IphoneTest-Prefix.pch";
				INFOPLIST_FILE = "IphoneTest/IphoneTest-Info.plist";
				PRODUCT_NAME = "$(TARGET_NAME)";
				WRAPPER_EXTENSION = app;
			};
			name = Debug;
		};
		9C280BD91469D26E009A71D4 /* Release */ = {
			isa = XCBuildConfiguration;
			buildSettings = {
				GCC_PRECOMPILE_PREFIX_HEADER = YES;
				GCC_PREFIX_HEADER = "IphoneTest/IphoneTest-Prefix.pch";
				INFOPLIST_FILE = "IphoneTest/IphoneTest-Info.plist";
				PRODUCT_NAME = "$(TARGET_NAME)";
				WRAPPER_EXTENSION = app;
			};
			name = Release;
		};
/* End XCBuildConfiguration section */

/* Begin XCConfigurationList section */
		9C280BAA1469D26D009A71D4 /* Build configuration list for PBXProject "IphoneTest" */ = {
			isa = XCConfigurationList;
			buildConfigurations = (
				9C280BD51469D26E009A71D4 /* Debug */,
				9C280BD61469D26E009A71D4 /* Release */,
			);
			defaultConfigurationIsVisible = 0;
			defaultConfigurationName = Release;
		};
		9C280BD71469D26E009A71D4 /* Build configuration list for PBXNativeTarget "IphoneTest" */ = {
			isa = XCConfigurationList;
			buildConfigurations = (
				9C280BD81469D26E009A71D4 /* Debug */,
				9C280BD91469D26E009A71D4 /* Release */,
			);
			defaultConfigurationIsVisible = 0;
			defaultConfigurationName = Release;
		};
/* End XCConfigurationList section */
	};
	rootObject = 9C280BA71469D26D009A71D4 /* Project object */;
}
